
Microsoft Visual Studio Solution File, Format Version 12.00
Project("{FAE04EC0-301F-11D3-BF4B-00C04F79EFBC}") = "LeadTCGPRank.App", "LeadTCGPRank.App\LeadTCGPRank.App\LeadTCGPRank.App.csproj", "{2FFF594E-59AC-481F-98F2-87DAF5E2AF5D}"
EndProject
Project("{FAE04EC0-301F-11D3-BF4B-00C04F79EFBC}") = "LeadTCGPRank.App.Client", "LeadTCGPRank.App\LeadTCGPRank.App.Client\LeadTCGPRank.App.Client.csproj", "{13E49189-0071-440E-AFFC-6A27F1EC95A3}"
EndProject
Global
	GlobalSection(SolutionConfigurationPlatforms) = preSolution
		Debug|Any CPU = Debug|Any CPU
		Release|Any CPU = Release|Any CPU
	EndGlobalSection
	GlobalSection(ProjectConfigurationPlatforms) = postSolution
		{2FFF594E-59AC-481F-98F2-87DAF5E2AF5D}.Debug|Any CPU.ActiveCfg = Debug|Any CPU
		{2FFF594E-59AC-481F-98F2-87DAF5E2AF5D}.Debug|Any CPU.Build.0 = Debug|Any CPU
		{2FFF594E-59AC-481F-98F2-87DAF5E2AF5D}.Release|Any CPU.ActiveCfg = Release|Any CPU
		{2FFF594E-59AC-481F-98F2-87DAF5E2AF5D}.Release|Any CPU.Build.0 = Release|Any CPU
		{13E49189-0071-440E-AFFC-6A27F1EC95A3}.Debug|Any CPU.ActiveCfg = Debug|Any CPU
		{13E49189-0071-440E-AFFC-6A27F1EC95A3}.Debug|Any CPU.Build.0 = Debug|Any CPU
		{13E49189-0071-440E-AFFC-6A27F1EC95A3}.Release|Any CPU.ActiveCfg = Release|Any CPU
		{13E49189-0071-440E-AFFC-6A27F1EC95A3}.Release|Any CPU.Build.0 = Release|Any CPU
	EndGlobalSection
EndGlobal
